
Microsoft Visual Studio Solution File, Format Version 12.00
# Visual Studio Version 17
VisualStudioVersion = 17.11.35327.3
MinimumVisualStudioVersion = 10.0.40219.1
Project("{8BC9CEB8-8B4A-11D0-8D11-00A0C91BC942}") = "ex2", "ex2.vcxproj", "{8F1D1C8B-8C67-47AC-B068-82BB34D8E988}"
EndProject
Global
	GlobalSection(SolutionConfigurationPlatforms) = preSolution
		Debug|x64 = Debug|x64
		Debug|x86 = Debug|x86
		Release|x64 = Release|x64
		Release|x86 = Release|x86
	EndGlobalSection
	GlobalSection(ProjectConfigurationPlatforms) = postSolution
		{8F1D1C8B-8C67-47AC-B068-82BB34D8E988}.Debug|x64.ActiveCfg = Debug|x64
		{8F1D1C8B-8C67-47AC-B068-82BB34D8E988}.Debug|x64.Build.0 = Debug|x64
		{8F1D1C8B-8C67-47AC-B068-82BB34D8E988}.Debug|x86.ActiveCfg = Debug|Win32
		{8F1D1C8B-8C67-47AC-B068-82BB34D8E988}.Debug|x86.Build.0 = Debug|Win32
		{8F1D1C8B-8C67-47AC-B068-82BB34D8E988}.Release|x64.ActiveCfg = Release|x64
		{8F1D1C8B-8C67-47AC-B068-82BB34D8E988}.Release|x64.Build.0 = Release|x64
		{8F1D1C8B-8C67-47AC-B068-82BB34D8E988}.Release|x86.ActiveCfg = Release|Win32
		{8F1D1C8B-8C67-47AC-B068-82BB34D8E988}.Release|x86.Build.0 = Release|Win32
	EndGlobalSection
	GlobalSection(SolutionProperties) = preSolution
		HideSolutionNode = FALSE
	EndGlobalSection
	GlobalSection(ExtensibilityGlobals) = postSolution
		SolutionGuid = {481B06F3-32F0-43AF-8242-A3716B49E5C0}
	EndGlobalSection
EndGlobal
